// !$*UTF8*$!
{
	archiveVersion = 1;
	classes = {
	};
	objectVersion = 46;
	objects = {

/* Begin PBXBuildFile section */
		EE28CC041D8E775200FF7551 /* AppDelegate.swift in Sources */ = {isa = PBXBuildFile; fileRef = EE28CC031D8E775200FF7551 /* AppDelegate.swift */; };
		EE28CC091D8E775200FF7551 /* Main.storyboard in Resources */ = {isa = PBXBuildFile; fileRef = EE28CC071D8E775200FF7551 /* Main.storyboard */; };
		EE28CC0B1D8E775200FF7551 /* Assets.xcassets in Resources */ = {isa = PBXBuildFile; fileRef = EE28CC0A1D8E775200FF7551 /* Assets.xcassets */; };
		EE28CC0E1D8E775200FF7551 /* LaunchScreen.storyboard in Resources */ = {isa = PBXBuildFile; fileRef = EE28CC0C1D8E775200FF7551 /* LaunchScreen.storyboard */; };
		EE28CC1E1D8E77BA00FF7551 /* YYRefresh.bundle in Resources */ = {isa = PBXBuildFile; fileRef = EE28CC181D8E77BA00FF7551 /* YYRefresh.bundle */; };
		EE28CC1F1D8E77BA00FF7551 /* YYRefresh.swift in Sources */ = {isa = PBXBuildFile; fileRef = EE28CC191D8E77BA00FF7551 /* YYRefresh.swift */; };
		EE28CC201D8E77BA00FF7551 /* YYRefreshFoundation.swift in Sources */ = {isa = PBXBuildFile; fileRef = EE28CC1A1D8E77BA00FF7551 /* YYRefreshFoundation.swift */; };
		EE28CC211D8E77BA00FF7551 /* YYRefreshView.swift in Sources */ = {isa = PBXBuildFile; fileRef = EE28CC1B1D8E77BA00FF7551 /* YYRefreshView.swift */; };
		EE28CC231D8E77E200FF7551 /* YYRefreshDemo.swift in Sources */ = {isa = PBXBuildFile; fileRef = EE28CC221D8E77E200FF7551 /* YYRefreshDemo.swift */; };
/* End PBXBuildFile section */

/* Begin PBXFileReference section */
		EE28CC001D8E775200FF7551 /* YYRefreshSwift.app */ = {isa = PBXFileReference; explicitFileType = wrapper.application; includeInIndex = 0; path = YYRefreshSwift.app; sourceTree = BUILT_PRODUCTS_DIR; };
		EE28CC031D8E775200FF7551 /* AppDelegate.swift */ = {isa = PBXFileReference; lastKnownFileType = sourcecode.swift; path = AppDelegate.swift; sourceTree = "<group>"; };
		EE28CC081D8E775200FF7551 /* Base */ = {isa = PBXFileReference; lastKnownFileType = file.storyboard; name = Base; path = Base.lproj/Main.storyboard; sourceTree = "<group>"; };
		EE28CC0A1D8E775200FF7551 /* Assets.xcassets */ = {isa = PBXFileReference; lastKnownFileType = folder.assetcatalog; path = Assets.xcassets; sourceTree = "<group>"; };
		EE28CC0D1D8E775200FF7551 /* Base */ = {isa = PBXFileReference; lastKnownFileType = file.storyboard; name = Base; path = Base.lproj/LaunchScreen.storyboard; sourceTree = "<group>"; };
		EE28CC0F1D8E775300FF7551 /* Info.plist */ = {isa = PBXFileReference; lastKnownFileType = text.plist.xml; path = Info.plist; sourceTree = "<group>"; };
		EE28CC181D8E77BA00FF7551 /* YYRefresh.bundle */ = {isa = PBXFileReference; lastKnownFileType = "wrapper.plug-in"; path = YYRefresh.bundle; sourceTree = "<group>"; };
		EE28CC191D8E77BA00FF7551 /* YYRefresh.swift */ = {isa = PBXFileReference; fileEncoding = 4; lastKnownFileType = sourcecode.swift; path = YYRefresh.swift; sourceTree = "<group>"; };
		EE28CC1A1D8E77BA00FF7551 /* YYRefreshFoundation.swift */ = {isa = PBXFileReference; fileEncoding = 4; lastKnownFileType = sourcecode.swift; path = YYRefreshFoundation.swift; sourceTree = "<group>"; };
		EE28CC1B1D8E77BA00FF7551 /* YYRefreshView.swift */ = {isa = PBXFileReference; fileEncoding = 4; lastKnownFileType = sourcecode.swift; path = YYRefreshView.swift; sourceTree = "<group>"; };
		EE28CC221D8E77E200FF7551 /* YYRefreshDemo.swift */ = {isa = PBXFileReference; fileEncoding = 4; lastKnownFileType = sourcecode.swift; path = YYRefreshDemo.swift; sourceTree = "<group>"; };
/* End PBXFileReference section */

/* Begin PBXFrameworksBuildPhase section */
		EE28CBFD1D8E775200FF7551 /* Frameworks */ = {
			isa = PBXFrameworksBuildPhase;
			buildActionMask = 2147483647;
			files = (
			);
			runOnlyForDeploymentPostprocessing = 0;
		};
/* End PBXFrameworksBuildPhase section */

/* Begin PBXGroup section */
		EE28CBF71D8E775200FF7551 = {
			isa = PBXGroup;
			children = (
				EE28CC021D8E775200FF7551 /* YYRefreshSwift */,
				EE28CC011D8E775200FF7551 /* Products */,
			);
			sourceTree = "<group>";
		};
		EE28CC011D8E775200FF7551 /* Products */ = {
			isa = PBXGroup;
			children = (
				EE28CC001D8E775200FF7551 /* YYRefreshSwift.app */,
			);
			name = Products;
			sourceTree = "<group>";
		};
		EE28CC021D8E775200FF7551 /* YYRefreshSwift */ = {
			isa = PBXGroup;
			children = (
				EE28CC151D8E77BA00FF7551 /* YYRefresh */,
				EE28CC031D8E775200FF7551 /* AppDelegate.swift */,
				EE28CC221D8E77E200FF7551 /* YYRefreshDemo.swift */,
				EE28CC071D8E775200FF7551 /* Main.storyboard */,
				EE28CC0A1D8E775200FF7551 /* Assets.xcassets */,
				EE28CC0C1D8E775200FF7551 /* LaunchScreen.storyboard */,
				EE28CC0F1D8E775300FF7551 /* Info.plist */,
			);
			path = YYRefreshSwift;
			sourceTree = "<group>";
		};
		EE28CC151D8E77BA00FF7551 /* YYRefresh */ = {
			isa = PBXGroup;
			children = (
				EE28CC181D8E77BA00FF7551 /* YYRefresh.bundle */,
				EE28CC191D8E77BA00FF7551 /* YYRefresh.swift */,
				EE28CC1A1D8E77BA00FF7551 /* YYRefreshFoundation.swift */,
				EE28CC1B1D8E77BA00FF7551 /* YYRefreshView.swift */,
			);
			path = YYRefresh;
			sourceTree = "<group>";
		};
/* End PBXGroup section */

/* Begin PBXNativeTarget section */
		EE28CBFF1D8E775200FF7551 /* YYRefreshSwift */ = {
			isa = PBXNativeTarget;
			buildConfigurationList = EE28CC121D8E775300FF7551 /* Build configuration list for PBXNativeTarget "YYRefreshSwift" */;
			buildPhases = (
				EE28CBFC1D8E775200FF7551 /* Sources */,
				EE28CBFD1D8E775200FF7551 /* Frameworks */,
				EE28CBFE1D8E775200FF7551 /* Resources */,
			);
			buildRules = (
			);
			dependencies = (
			);
			name = YYRefreshSwift;
			productName = YYRefreshSwift;
			productReference = EE28CC001D8E775200FF7551 /* YYRefreshSwift.app */;
			productType = "com.apple.product-type.application";
		};
/* End PBXNativeTarget section */

/* Begin PBXProject section */
		EE28CBF81D8E775200FF7551 /* Project object */ = {
			isa = PBXProject;
			attributes = {
				LastSwiftUpdateCheck = 0800;
				LastUpgradeCheck = 0800;
				ORGANIZATIONNAME = huan;
				TargetAttributes = {
					EE28CBFF1D8E775200FF7551 = {
						CreatedOnToolsVersion = 8.0;
						DevelopmentTeam = R6XRM4JTNP;
						ProvisioningStyle = Manual;
					};
				};
			};
			buildConfigurationList = EE28CBFB1D8E775200FF7551 /* Build configuration list for PBXProject "YYRefreshSwift" */;
			compatibilityVersion = "Xcode 3.2";
			developmentRegion = English;
			hasScannedForEncodings = 0;
			knownRegions = (
				en,
				Base,
			);
			mainGroup = EE28CBF71D8E775200FF7551;
			productRefGroup = EE28CC011D8E775200FF7551 /* Products */;
			projectDirPath = "";
			projectRoot = "";
			targets = (
				EE28CBFF1D8E775200FF7551 /* YYRefreshSwift */,
			);
		};
/* End PBXProject section */

/* Begin PBXResourcesBuildPhase section */
		EE28CBFE1D8E775200FF7551 /* Resources */ = {
			isa = PBXResourcesBuildPhase;
			buildActionMask = 2147483647;
			files = (
				EE28CC0E1D8E775200FF7551 /* LaunchScreen.storyboard in Resources */,
				EE28CC1E1D8E77BA00FF7551 /* YYRefresh.bundle in Resources */,
				EE28CC0B1D8E775200FF7551 /* Assets.xcassets in Resources */,
				EE28CC091D8E775200FF7551 /* Main.storyboard in Resources */,
			);
			runOnlyForDeploymentPostprocessing = 0;
		};
/* End PBXResourcesBuildPhase section */

/* Begin PBXSourcesBuildPhase section */
		EE28CBFC1D8E775200FF7551 /* Sources */ = {
			isa = PBXSourcesBuildPhase;
			buildActionMask = 2147483647;
			files = (
				EE28CC231D8E77E200FF7551 /* YYRefreshDemo.swift in Sources */,
				EE28CC201D8E77BA00FF7551 /* YYRefreshFoundation.swift in Sources */,
				EE28CC1F1D8E77BA00FF7551 /* YYRefresh.swift in Sources */,
				EE28CC211D8E77BA00FF7551 /* YYRefreshView.swift in Sources */,
				EE28CC041D8E775200FF7551 /* AppDelegate.swift in Sources */,
			);
			runOnlyForDeploymentPostprocessing = 0;
		};
/* End PBXSourcesBuildPhase section */

/* Begin PBXVariantGroup section */
		EE28CC071D8E775200FF7551 /* Main.storyboard */ = {
			isa = PBXVariantGroup;
			children = (
				EE28CC081D8E775200FF7551 /* Base */,
			);
			name = Main.storyboard;
			sourceTree = "<group>";
		};
		EE28CC0C1D8E775200FF7551 /* LaunchScreen.storyboard */ = {
			isa = PBXVariantGroup;
			children = (
				EE28CC0D1D8E775200FF7551 /* Base */,
			);
			name = LaunchScreen.storyboard;
			sourceTree = "<group>";
		};
/* End PBXVariantGroup section */

/* Begin XCBuildConfiguration section */
		EE28CC101D8E775300FF7551 /* Debug */ = {
			isa = XCBuildConfiguration;
			buildSettings = {
				ALWAYS_SEARCH_USER_PATHS = NO;
				CLANG_ANALYZER_NONNULL = YES;
				CLANG_CXX_LANGUAGE_STANDARD = "gnu++0x";
				CLANG_CXX_LIBRARY = "libc++";
				CLANG_ENABLE_MODULES = YES;
				CLANG_ENABLE_OBJC_ARC = YES;
				CLANG_WARN_BOOL_CONVERSION = YES;
				CLANG_WARN_CONSTANT_CONVERSION = YES;
				CLANG_WARN_DIRECT_OBJC_ISA_USAGE = YES_ERROR;
				CLANG_WARN_DOCUMENTATION_COMMENTS = YES;
				CLANG_WARN_EMPTY_BODY = YES;
				CLANG_WARN_ENUM_CONVERSION = YES;
				CLANG_WARN_INFINITE_RECURSION = YES;
				CLANG_WARN_INT_CONVERSION = YES;
				CLANG_WARN_OBJC_ROOT_CLASS = YES_ERROR;
				CLANG_WARN_SUSPICIOUS_MOVES = YES;
				CLANG_WARN_UNREACHABLE_CODE = YES;
				CLANG_WARN__DUPLICATE_METHOD_MATCH = YES;
				"CODE_SIGN_IDENTITY[sdk=iphoneos*]" = "iPhone Developer";
				COPY_PHASE_STRIP = NO;
				DEBUG_INFORMATION_FORMAT = dwarf;
				ENABLE_STRICT_OBJC_MSGSEND = YES;
				ENABLE_TESTABILITY = YES;
				GCC_C_LANGUAGE_STANDARD = gnu99;
				GCC_DYNAMIC_NO_PIC = NO;
				GCC_NO_COMMON_BLOCKS = YES;
				GCC_OPTIMIZATION_LEVEL = 0;
				GCC_PREPROCESSOR_DEFINITIONS = (
					"DEBUG=1",
					"$(inherited)",
				);
				GCC_WARN_64_TO_32_BIT_CONVERSION = YES;
				GCC_WARN_ABOUT_RETURN_TYPE = YES_ERROR;
				GCC_WARN_UNDECLARED_SELECTOR = YES;
				GCC_WARN_UNINITIALIZED_AUTOS = YES_AGGRESSIVE;
				GCC_WARN_UNUSED_FUNCTION = YES;
				GCC_WARN_UNUSED_VARIABLE = YES;
				IPHONEOS_DEPLOYMENT_TARGET = 10.0;
				MTL_ENABLE_DEBUG_INFO = YES;
				ONLY_ACTIVE_ARCH = YES;
				SDKROOT = iphoneos;
				SWIFT_ACTIVE_COMPILATION_CONDITIONS = DEBUG;
				SWIFT_OPTIMIZATION_LEVEL = "-Onone";
				TARGETED_DEVICE_FAMILY = "1,2";
			};
			name = Debug;
		};
		EE28CC111D8E775300FF7551 /* Release */ = {
			isa = XCBuildConfiguration;
			buildSettings = {
				ALWAYS_SEARCH_USER_PATHS = NO;
				CLANG_ANALYZER_NONNULL = YES;
				CLANG_CXX_LANGUAGE_STANDARD = "gnu++0x";
				CLANG_CXX_LIBRARY = "libc++";
				CLANG_ENABLE_MODULES = YES;
				CLANG_ENABLE_OBJC_ARC = YES;
				CLANG_WARN_BOOL_CONVERSION = YES;
				CLANG_WARN_CONSTANT_CONVERSION = YES;
				CLANG_WARN_DIRECT_OBJC_ISA_USAGE = YES_ERROR;
				CLANG_WARN_DOCUMENTATION_COMMENTS = YES;
				CLANG_WARN_EMPTY_BODY = YES;
				CLANG_WARN_ENUM_CONVERSION = YES;
				CLANG_WARN_INFINITE_RECURSION = YES;
				CLANG_WARN_INT_CONVERSION = YES;
				CLANG_WARN_OBJC_ROOT_CLASS = YES_ERROR;
				CLANG_WARN_SUSPICIOUS_MOVES = YES;
				CLANG_WARN_UNREACHABLE_CODE = YES;
				CLANG_WARN__DUPLICATE_METHOD_MATCH = YES;
				"CODE_SIGN_IDENTITY[sdk=iphoneos*]" = "iPhone Developer";
				COPY_PHASE_STRIP = NO;
				DEBUG_INFORMATION_FORMAT = "dwarf-with-dsym";
				ENABLE_NS_ASSERTIONS = NO;
				ENABLE_STRICT_OBJC_MSGSEND = YES;
				GCC_C_LANGUAGE_STANDARD = gnu99;
				GCC_NO_COMMON_BLOCKS = YES;
				GCC_WARN_64_TO_32_BIT_CONVERSION = YES;
				GCC_WARN_ABOUT_RETURN_TYPE = YES_ERROR;
				GCC_WARN_UNDECLARED_SELECTOR = YES;
				GCC_WARN_UNINITIALIZED_AUTOS = YES_AGGRESSIVE;
				GCC_WARN_UNUSED_FUNCTION = YES;
				GCC_WARN_UNUSED_VARIABLE = YES;
				IPHONEOS_DEPLOYMENT_TARGET = 10.0;
				MTL_ENABLE_DEBUG_INFO = NO;
				SDKROOT = iphoneos;
				SWIFT_OPTIMIZATION_LEVEL = "-Owholemodule";
				TARGETED_DEVICE_FAMILY = "1,2";
				VALIDATE_PRODUCT = YES;
			};
			name = Release;
		};
		EE28CC131D8E775300FF7551 /* Debug */ = {
			isa = XCBuildConfiguration;
			buildSettings = {
				ASSETCATALOG_COMPILER_APPICON_NAME = AppIcon;
				DEVELOPMENT_TEAM = R6XRM4JTNP;
				INFOPLIST_FILE = YYRefreshSwift/Info.plist;
				IPHONEOS_DEPLOYMENT_TARGET = 8.0;
				LD_RUNPATH_SEARCH_PATHS = "$(inherited) @executable_path/Frameworks";
				PRODUCT_BUNDLE_IDENTIFIER = com.yy.ios.YYRefreshSwift;
				PRODUCT_NAME = "$(TARGET_NAME)";
				PROVISIONING_PROFILE = "91edbf91-e48f-4c5d-9143-b71e74079063";
				PROVISIONING_PROFILE_SPECIFIER = DevCommon;
				SWIFT_VERSION = 3.0;
			};
			name = Debug;
		};
		EE28CC141D8E775300FF7551 /* Release */ = {
			isa = XCBuildConfiguration;
			buildSettings = {
				ASSETCATALOG_COMPILER_APPICON_NAME = AppIcon;
				DEVELOPMENT_TEAM = R6XRM4JTNP;
				INFOPLIST_FILE = YYRefreshSwift/Info.plist;
				IPHONEOS_DEPLOYMENT_TARGET = 8.0;
				LD_RUNPATH_SEARCH_PATHS = "$(inherited) @executable_path/Frameworks";
				PRODUCT_BUNDLE_IDENTIFIER = com.yy.ios.YYRefreshSwift;
				PRODUCT_NAME = "$(TARGET_NAME)";
				PROVISIONING_PROFILE = "91edbf91-e48f-4c5d-9143-b71e74079063";
				PROVISIONING_PROFILE_SPECIFIER = DevCommon;
				SWIFT_VERSION = 3.0;
			};
			name = Release;
		};
/* End XCBuildConfiguration section */

/* Begin XCConfigurationList section */
		EE28CBFB1D8E775200FF7551 /* Build configuration list for PBXProject "YYRefreshSwift" */ = {
			isa = XCConfigurationList;
			buildConfigurations = (
				EE28CC101D8E775300FF7551 /* Debug */,
				EE28CC111D8E775300FF7551 /* Release */,
			);
			defaultConfigurationIsVisible = 0;
			defaultConfigurationName = Release;
		};
		EE28CC121D8E775300FF7551 /* Build configuration list for PBXNativeTarget "YYRefreshSwift" */ = {
			isa = XCConfigurationList;
			buildConfigurations = (
				EE28CC131D8E775300FF7551 /* Debug */,
				EE28CC141D8E775300FF7551 /* Release */,
			);
			defaultConfigurationIsVisible = 0;
		};
/* End XCConfigurationList section */
	};
	rootObject = EE28CBF81D8E775200FF7551 /* Project object */;
}
